
Microsoft Visual Studio Solution File, Format Version 12.00
# Visual Studio 15
VisualStudioVersion = 15.0.27428.2011
MinimumVisualStudioVersion = 10.0.40219.1
Project("{FAE04EC0-301F-11D3-BF4B-00C04F79EFBC}") = "InstallMonitor", "InstallMonitor\InstallMonitor.csproj", "{F83AA78C-2FF6-448A-B5DD-7D2D1EFCDAE1}"
EndProject
Global
	GlobalSection(SolutionConfigurationPlatforms) = preSolution
		Debug|Any CPU = Debug|Any CPU
		Release|Any CPU = Release|Any CPU
	EndGlobalSection
	GlobalSection(ProjectConfigurationPlatforms) = postSolution
		{F83AA78C-2FF6-448A-B5DD-7D2D1EFCDAE1}.Debug|Any CPU.ActiveCfg = Debug|Any CPU
		{F83AA78C-2FF6-448A-B5DD-7D2D1EFCDAE1}.Debug|Any CPU.Build.0 = Debug|Any CPU
		{F83AA78C-2FF6-448A-B5DD-7D2D1EFCDAE1}.Release|Any CPU.ActiveCfg = Release|Any CPU
		{F83AA78C-2FF6-448A-B5DD-7D2D1EFCDAE1}.Release|Any CPU.Build.0 = Release|Any CPU
	EndGlobalSection
	GlobalSection(SolutionProperties) = preSolution
		HideSolutionNode = FALSE
	EndGlobalSection
	GlobalSection(ExtensibilityGlobals) = postSolution
		SolutionGuid = {B257D814-F3F4-42F8-AD95-6A165A658081}
	EndGlobalSection
EndGlobal
